
Microsoft Visual Studio Solution File, Format Version 12.00
# Visual Studio Version 16
VisualStudioVersion = 16.0.30320.27
MinimumVisualStudioVersion = 10.0.40219.1
Project("{FAE04EC0-301F-11D3-BF4B-00C04F79EFBC}") = "OgrenciBilgi", "OgrenciBilgi\OgrenciBilgi.csproj", "{785A1233-3D35-40C4-B92C-0A28395BA74C}"
EndProject
Global
	GlobalSection(SolutionConfigurationPlatforms) = preSolution
		Debug|Any CPU = Debug|Any CPU
		Release|Any CPU = Release|Any CPU
	EndGlobalSection
	GlobalSection(ProjectConfigurationPlatforms) = postSolution
		{785A1233-3D35-40C4-B92C-0A28395BA74C}.Debug|Any CPU.ActiveCfg = Debug|Any CPU
		{785A1233-3D35-40C4-B92C-0A28395BA74C}.Debug|Any CPU.Build.0 = Debug|Any CPU
		{785A1233-3D35-40C4-B92C-0A28395BA74C}.Release|Any CPU.ActiveCfg = Release|Any CPU
		{785A1233-3D35-40C4-B92C-0A28395BA74C}.Release|Any CPU.Build.0 = Release|Any CPU
	EndGlobalSection
	GlobalSection(SolutionProperties) = preSolution
		HideSolutionNode = FALSE
	EndGlobalSection
	GlobalSection(ExtensibilityGlobals) = postSolution
		SolutionGuid = {391ECD58-36C3-4A90-8AF7-49EF372C07D0}
	EndGlobalSection
EndGlobal
